
Microsoft Visual Studio Solution File, Format Version 12.00
# Visual Studio Version 16
VisualStudioVersion = 16.0.30717.126
MinimumVisualStudioVersion = 10.0.40219.1
Project("{FAE04EC0-301F-11D3-BF4B-00C04F79EFBC}") = "ces.api.gestaoagro", "ces.api.gestaoagro\ces.api.gestaoagro.csproj", "{8CAAC6BD-7FC2-4AB1-AA6A-AB60CD13F979}"
EndProject
Global
	GlobalSection(SolutionConfigurationPlatforms) = preSolution
		Debug|Any CPU = Debug|Any CPU
		Release|Any CPU = Release|Any CPU
	EndGlobalSection
	GlobalSection(ProjectConfigurationPlatforms) = postSolution
		{8CAAC6BD-7FC2-4AB1-AA6A-AB60CD13F979}.Debug|Any CPU.ActiveCfg = Debug|Any CPU
		{8CAAC6BD-7FC2-4AB1-AA6A-AB60CD13F979}.Debug|Any CPU.Build.0 = Debug|Any CPU
		{8CAAC6BD-7FC2-4AB1-AA6A-AB60CD13F979}.Release|Any CPU.ActiveCfg = Release|Any CPU
		{8CAAC6BD-7FC2-4AB1-AA6A-AB60CD13F979}.Release|Any CPU.Build.0 = Release|Any CPU
	EndGlobalSection
	GlobalSection(SolutionProperties) = preSolution
		HideSolutionNode = FALSE
	EndGlobalSection
	GlobalSection(ExtensibilityGlobals) = postSolution
		SolutionGuid = {E7F67793-9D76-4103-8252-EB969A7895ED}
	EndGlobalSection
EndGlobal
